// !$*UTF8*$!
{
	archiveVersion = 1;
	classes = {
	};
	objectVersion = 46;
	objects = {

/* Begin PBXBuildFile section */
		6B0009ED1BC4009200CC1B65 /* HSContainerViewController.swift in Sources */ = {isa = PBXBuildFile; fileRef = 6B0009EC1BC4009200CC1B65 /* HSContainerViewController.swift */; settings = {ASSET_TAGS = (); }; };
		6B0009EF1BC405CB00CC1B65 /* HSSideBarDelegate.swift in Sources */ = {isa = PBXBuildFile; fileRef = 6B0009EE1BC405CB00CC1B65 /* HSSideBarDelegate.swift */; settings = {ASSET_TAGS = (); }; };
		6B0034ED1BB54D3600963FD6 /* User.swift in Sources */ = {isa = PBXBuildFile; fileRef = 6B0034EB1BB54D3600963FD6 /* User.swift */; settings = {ASSET_TAGS = (); }; };
		6B0034EE1BB54D3600963FD6 /* User+CoreDataProperties.swift in Sources */ = {isa = PBXBuildFile; fileRef = 6B0034EC1BB54D3600963FD6 /* User+CoreDataProperties.swift */; settings = {ASSET_TAGS = (); }; };
		6B0034F01BB54D5100963FD6 /* HSCoreDataAccess.swift in Sources */ = {isa = PBXBuildFile; fileRef = 6B0034EF1BB54D5100963FD6 /* HSCoreDataAccess.swift */; settings = {ASSET_TAGS = (); }; };
		6B225CBF1BB5A9E100122C3A /* HSCoreDataAccessTests.swift in Sources */ = {isa = PBXBuildFile; fileRef = 6B225CBE1BB5A9E100122C3A /* HSCoreDataAccessTests.swift */; settings = {ASSET_TAGS = (); }; };
		6B80BF661BB466D50017DD79 /* HSGameConstants.swift in Sources */ = {isa = PBXBuildFile; fileRef = 6B80BF651BB466D50017DD79 /* HSGameConstants.swift */; settings = {ASSET_TAGS = (); }; };
		6BA100C01BC52F8B009A2F56 /* HSGameBoardViewController.swift in Sources */ = {isa = PBXBuildFile; fileRef = 6BA100BF1BC52F8B009A2F56 /* HSGameBoardViewController.swift */; settings = {ASSET_TAGS = (); }; };
		6BA100C21BC538B7009A2F56 /* HSGameBoardCollectionViewCell.swift in Sources */ = {isa = PBXBuildFile; fileRef = 6BA100C11BC538B7009A2F56 /* HSGameBoardCollectionViewCell.swift */; settings = {ASSET_TAGS = (); }; };
		6BCF10F21BB31D4600066186 /* HSAppDelegate.swift in Sources */ = {isa = PBXBuildFile; fileRef = 6BCF10F11BB31D4600066186 /* HSAppDelegate.swift */; };
		6BCF10FA1BB31D4600066186 /* Hasami_Shogi.xcdatamodeld in Sources */ = {isa = PBXBuildFile; fileRef = 6BCF10F81BB31D4600066186 /* Hasami_Shogi.xcdatamodeld */; };
		6BCF10FC1BB31D4600066186 /* Assets.xcassets in Resources */ = {isa = PBXBuildFile; fileRef = 6BCF10FB1BB31D4600066186 /* Assets.xcassets */; };
		6BCF110A1BB31D4600066186 /* Hasami_ShogiTests.swift in Sources */ = {isa = PBXBuildFile; fileRef = 6BCF11091BB31D4600066186 /* Hasami_ShogiTests.swift */; };
		6BCF11151BB31D4700066186 /* Hasami_ShogiUITests.swift in Sources */ = {isa = PBXBuildFile; fileRef = 6BCF11141BB31D4700066186 /* Hasami_ShogiUITests.swift */; };
		6BCF112C1BB3305600066186 /* LaunchScreen.storyboard in Resources */ = {isa = PBXBuildFile; fileRef = 6BCF11281BB3305600066186 /* LaunchScreen.storyboard */; settings = {ASSET_TAGS = (); }; };
		6BCF112D1BB3305600066186 /* Main.storyboard in Resources */ = {isa = PBXBuildFile; fileRef = 6BCF112A1BB3305600066186 /* Main.storyboard */; settings = {ASSET_TAGS = (); }; };
		6BCF112F1BB3310900066186 /* HSMenuViewController.swift in Sources */ = {isa = PBXBuildFile; fileRef = 6BCF112E1BB3310900066186 /* HSMenuViewController.swift */; settings = {ASSET_TAGS = (); }; };
		6BCF11311BB331E700066186 /* HSNewGameViewController.swift in Sources */ = {isa = PBXBuildFile; fileRef = 6BCF11301BB331E700066186 /* HSNewGameViewController.swift */; settings = {ASSET_TAGS = (); }; };
		6BCF11331BB3324100066186 /* HSLeaderboardTableViewController.swift in Sources */ = {isa = PBXBuildFile; fileRef = 6BCF11321BB3324100066186 /* HSLeaderboardTableViewController.swift */; settings = {ASSET_TAGS = (); }; };
		6BCF11351BB3341A00066186 /* HSSettingsTableViewController.swift in Sources */ = {isa = PBXBuildFile; fileRef = 6BCF11341BB3341A00066186 /* HSSettingsTableViewController.swift */; settings = {ASSET_TAGS = (); }; };
		6BF2EEEE1BB45FB5008A6D5E /* HSGameViewController.swift in Sources */ = {isa = PBXBuildFile; fileRef = 6BF2EEED1BB45FB5008A6D5E /* HSGameViewController.swift */; settings = {ASSET_TAGS = (); }; };
		6BF55D281BB6B08D0050497B /* HSDatabaseManager.swift in Sources */ = {isa = PBXBuildFile; fileRef = 6BF55D271BB6B08D0050497B /* HSDatabaseManager.swift */; settings = {ASSET_TAGS = (); }; };
		6BFC12871BB7FCF400037012 /* HSRegisterUserViewController.swift in Sources */ = {isa = PBXBuildFile; fileRef = 6BFC12861BB7FCF400037012 /* HSRegisterUserViewController.swift */; settings = {ASSET_TAGS = (); }; };
		6BFC12891BB800B700037012 /* HSPlayerSelectionContainerViewController.swift in Sources */ = {isa = PBXBuildFile; fileRef = 6BFC12881BB800B700037012 /* HSPlayerSelectionContainerViewController.swift */; settings = {ASSET_TAGS = (); }; };
/* End PBXBuildFile section */

/* Begin PBXContainerItemProxy section */
		6BCF11061BB31D4600066186 /* PBXContainerItemProxy */ = {
			isa = PBXContainerItemProxy;
			containerPortal = 6BCF10E61BB31D4600066186 /* Project object */;
			proxyType = 1;
			remoteGlobalIDString = 6BCF10ED1BB31D4600066186;
			remoteInfo = "Hasami Shogi";
		};
		6BCF11111BB31D4700066186 /* PBXContainerItemProxy */ = {
			isa = PBXContainerItemProxy;
			containerPortal = 6BCF10E61BB31D4600066186 /* Project object */;
			proxyType = 1;
			remoteGlobalIDString = 6BCF10ED1BB31D4600066186;
			remoteInfo = "Hasami Shogi";
		};
/* End PBXContainerItemProxy section */

/* Begin PBXFileReference section */
		6B0009EC1BC4009200CC1B65 /* HSContainerViewController.swift */ = {isa = PBXFileReference; fileEncoding = 4; lastKnownFileType = sourcecode.swift; path = HSContainerViewController.swift; sourceTree = "<group>"; };
		6B0009EE1BC405CB00CC1B65 /* HSSideBarDelegate.swift */ = {isa = PBXFileReference; fileEncoding = 4; lastKnownFileType = sourcecode.swift; path = HSSideBarDelegate.swift; sourceTree = "<group>"; };
		6B0034EB1BB54D3600963FD6 /* User.swift */ = {isa = PBXFileReference; fileEncoding = 4; lastKnownFileType = sourcecode.swift; path = User.swift; sourceTree = "<group>"; };
		6B0034EC1BB54D3600963FD6 /* User+CoreDataProperties.swift */ = {isa = PBXFileReference; fileEncoding = 4; lastKnownFileType = sourcecode.swift; path = "User+CoreDataProperties.swift"; sourceTree = "<group>"; };
		6B0034EF1BB54D5100963FD6 /* HSCoreDataAccess.swift */ = {isa = PBXFileReference; fileEncoding = 4; lastKnownFileType = sourcecode.swift; path = HSCoreDataAccess.swift; sourceTree = "<group>"; };
		6B225CBE1BB5A9E100122C3A /* HSCoreDataAccessTests.swift */ = {isa = PBXFileReference; fileEncoding = 4; lastKnownFileType = sourcecode.swift; path = HSCoreDataAccessTests.swift; sourceTree = "<group>"; };
		6B80BF651BB466D50017DD79 /* HSGameConstants.swift */ = {isa = PBXFileReference; fileEncoding = 4; lastKnownFileType = sourcecode.swift; name = HSGameConstants.swift; path = "Hasami Shogi/Utils/HSGameConstants.swift"; sourceTree = SOURCE_ROOT; };
		6BA100BF1BC52F8B009A2F56 /* HSGameBoardViewController.swift */ = {isa = PBXFileReference; fileEncoding = 4; lastKnownFileType = sourcecode.swift; path = HSGameBoardViewController.swift; sourceTree = "<group>"; };
		6BA100C11BC538B7009A2F56 /* HSGameBoardCollectionViewCell.swift */ = {isa = PBXFileReference; fileEncoding = 4; lastKnownFileType = sourcecode.swift; path = HSGameBoardCollectionViewCell.swift; sourceTree = "<group>"; };
		6BCF10EE1BB31D4600066186 /* Hasami Shogi.app */ = {isa = PBXFileReference; explicitFileType = wrapper.application; includeInIndex = 0; path = "Hasami Shogi.app"; sourceTree = BUILT_PRODUCTS_DIR; };
		6BCF10F11BB31D4600066186 /* HSAppDelegate.swift */ = {isa = PBXFileReference; lastKnownFileType = sourcecode.swift; path = HSAppDelegate.swift; sourceTree = "<group>"; };
		6BCF10F91BB31D4600066186 /* Hasami_Shogi.xcdatamodel */ = {isa = PBXFileReference; lastKnownFileType = wrapper.xcdatamodel; path = Hasami_Shogi.xcdatamodel; sourceTree = "<group>"; };
		6BCF10FB1BB31D4600066186 /* Assets.xcassets */ = {isa = PBXFileReference; lastKnownFileType = folder.assetcatalog; path = Assets.xcassets; sourceTree = "<group>"; };
		6BCF11001BB31D4600066186 /* Info.plist */ = {isa = PBXFileReference; lastKnownFileType = text.plist.xml; path = Info.plist; sourceTree = "<group>"; };
		6BCF11051BB31D4600066186 /* Hasami ShogiTests.xctest */ = {isa = PBXFileReference; explicitFileType = wrapper.cfbundle; includeInIndex = 0; path = "Hasami ShogiTests.xctest"; sourceTree = BUILT_PRODUCTS_DIR; };
		6BCF11091BB31D4600066186 /* Hasami_ShogiTests.swift */ = {isa = PBXFileReference; lastKnownFileType = sourcecode.swift; path = Hasami_ShogiTests.swift; sourceTree = "<group>"; };
		6BCF110B1BB31D4700066186 /* Info.plist */ = {isa = PBXFileReference; lastKnownFileType = text.plist.xml; path = Info.plist; sourceTree = "<group>"; };
		6BCF11101BB31D4700066186 /* Hasami ShogiUITests.xctest */ = {isa = PBXFileReference; explicitFileType = wrapper.cfbundle; includeInIndex = 0; path = "Hasami ShogiUITests.xctest"; sourceTree = BUILT_PRODUCTS_DIR; };
		6BCF11141BB31D4700066186 /* Hasami_ShogiUITests.swift */ = {isa = PBXFileReference; lastKnownFileType = sourcecode.swift; path = Hasami_ShogiUITests.swift; sourceTree = "<group>"; };
		6BCF11161BB31D4700066186 /* Info.plist */ = {isa = PBXFileReference; lastKnownFileType = text.plist.xml; path = Info.plist; sourceTree = "<group>"; };
		6BCF11291BB3305600066186 /* Base */ = {isa = PBXFileReference; lastKnownFileType = file.storyboard; name = Base; path = LaunchScreen.storyboard; sourceTree = "<group>"; };
		6BCF112B1BB3305600066186 /* Base */ = {isa = PBXFileReference; lastKnownFileType = file.storyboard; name = Base; path = Main.storyboard; sourceTree = "<group>"; };
		6BCF112E1BB3310900066186 /* HSMenuViewController.swift */ = {isa = PBXFileReference; fileEncoding = 4; lastKnownFileType = sourcecode.swift; path = HSMenuViewController.swift; sourceTree = "<group>"; };
		6BCF11301BB331E700066186 /* HSNewGameViewController.swift */ = {isa = PBXFileReference; fileEncoding = 4; lastKnownFileType = sourcecode.swift; path = HSNewGameViewController.swift; sourceTree = "<group>"; };
		6BCF11321BB3324100066186 /* HSLeaderboardTableViewController.swift */ = {isa = PBXFileReference; fileEncoding = 4; lastKnownFileType = sourcecode.swift; path = HSLeaderboardTableViewController.swift; sourceTree = "<group>"; };
		6BCF11341BB3341A00066186 /* HSSettingsTableViewController.swift */ = {isa = PBXFileReference; fileEncoding = 4; lastKnownFileType = sourcecode.swift; path = HSSettingsTableViewController.swift; sourceTree = "<group>"; };
		6BF2EEED1BB45FB5008A6D5E /* HSGameViewController.swift */ = {isa = PBXFileReference; fileEncoding = 4; lastKnownFileType = sourcecode.swift; path = HSGameViewController.swift; sourceTree = "<group>"; };
		6BF55D271BB6B08D0050497B /* HSDatabaseManager.swift */ = {isa = PBXFileReference; fileEncoding = 4; lastKnownFileType = sourcecode.swift; path = HSDatabaseManager.swift; sourceTree = "<group>"; };
		6BFC12861BB7FCF400037012 /* HSRegisterUserViewController.swift */ = {isa = PBXFileReference; fileEncoding = 4; lastKnownFileType = sourcecode.swift; path = HSRegisterUserViewController.swift; sourceTree = "<group>"; };
		6BFC12881BB800B700037012 /* HSPlayerSelectionContainerViewController.swift */ = {isa = PBXFileReference; fileEncoding = 4; lastKnownFileType = sourcecode.swift; path = HSPlayerSelectionContainerViewController.swift; sourceTree = "<group>"; };
/* End PBXFileReference section */

/* Begin PBXFrameworksBuildPhase section */
		6BCF10EB1BB31D4600066186 /* Frameworks */ = {
			isa = PBXFrameworksBuildPhase;
			buildActionMask = 2147483647;
			files = (
			);
			runOnlyForDeploymentPostprocessing = 0;
		};
		6BCF11021BB31D4600066186 /* Frameworks */ = {
			isa = PBXFrameworksBuildPhase;
			buildActionMask = 2147483647;
			files = (
			);
			runOnlyForDeploymentPostprocessing = 0;
		};
		6BCF110D1BB31D4700066186 /* Frameworks */ = {
			isa = PBXFrameworksBuildPhase;
			buildActionMask = 2147483647;
			files = (
			);
			runOnlyForDeploymentPostprocessing = 0;
		};
/* End PBXFrameworksBuildPhase section */

/* Begin PBXGroup section */
		6B80BF641BB466A60017DD79 /* Utils */ = {
			isa = PBXGroup;
			children = (
				6B80BF651BB466D50017DD79 /* HSGameConstants.swift */,
				6B0034EF1BB54D5100963FD6 /* HSCoreDataAccess.swift */,
				6BF55D271BB6B08D0050497B /* HSDatabaseManager.swift */,
				6B0009EE1BC405CB00CC1B65 /* HSSideBarDelegate.swift */,
			);
			path = Utils;
			sourceTree = "<group>";
		};
		6BCF10E51BB31D4600066186 = {
			isa = PBXGroup;
			children = (
				6BCF10F01BB31D4600066186 /* Hasami Shogi */,
				6BCF11081BB31D4600066186 /* Hasami ShogiTests */,
				6BCF11131BB31D4700066186 /* Hasami ShogiUITests */,
				6BCF10EF1BB31D4600066186 /* Products */,
			);
			sourceTree = "<group>";
		};
		6BCF10EF1BB31D4600066186 /* Products */ = {
			isa = PBXGroup;
			children = (
				6BCF10EE1BB31D4600066186 /* Hasami Shogi.app */,
				6BCF11051BB31D4600066186 /* Hasami ShogiTests.xctest */,
				6BCF11101BB31D4700066186 /* Hasami ShogiUITests.xctest */,
			);
			name = Products;
			sourceTree = "<group>";
		};
		6BCF10F01BB31D4600066186 /* Hasami Shogi */ = {
			isa = PBXGroup;
			children = (
				6BCF11221BB32FB600066186 /* Controllers */,
				6BCF11231BB32FBC00066186 /* Views */,
				6BCF11241BB32FC000066186 /* Models */,
				6BCF11251BB32FCA00066186 /* Resources */,
				6B80BF641BB466A60017DD79 /* Utils */,
				6BCF11261BB32FD700066186 /* Supporting Files */,
			);
			path = "Hasami Shogi";
			sourceTree = "<group>";
		};
		6BCF11081BB31D4600066186 /* Hasami ShogiTests */ = {
			isa = PBXGroup;
			children = (
				6BCF11091BB31D4600066186 /* Hasami_ShogiTests.swift */,
				6BCF110B1BB31D4700066186 /* Info.plist */,
				6B225CBE1BB5A9E100122C3A /* HSCoreDataAccessTests.swift */,
			);
			path = "Hasami ShogiTests";
			sourceTree = "<group>";
		};
		6BCF11131BB31D4700066186 /* Hasami ShogiUITests */ = {
			isa = PBXGroup;
			children = (
				6BCF11141BB31D4700066186 /* Hasami_ShogiUITests.swift */,
				6BCF11161BB31D4700066186 /* Info.plist */,
			);
			path = "Hasami ShogiUITests";
			sourceTree = "<group>";
		};
		6BCF11221BB32FB600066186 /* Controllers */ = {
			isa = PBXGroup;
			children = (
				6BD5BD4D1BB86470004ABEDB /* Game */,
				6BD5BD4E1BB86474004ABEDB /* Leaderboard */,
				6BD5BD4F1BB8647A004ABEDB /* Settings */,
				6BCF11271BB3303B00066186 /* Base.iproj */,
				6BCF112E1BB3310900066186 /* HSMenuViewController.swift */,
				6B0009EC1BC4009200CC1B65 /* HSContainerViewController.swift */,
			);
			path = Controllers;
			sourceTree = "<group>";
		};
		6BCF11231BB32FBC00066186 /* Views */ = {
			isa = PBXGroup;
			children = (
				6BA100C11BC538B7009A2F56 /* HSGameBoardCollectionViewCell.swift */,
			);
			path = Views;
			sourceTree = "<group>";
		};
		6BCF11241BB32FC000066186 /* Models */ = {
			isa = PBXGroup;
			children = (
				6B0034EB1BB54D3600963FD6 /* User.swift */,
				6B0034EC1BB54D3600963FD6 /* User+CoreDataProperties.swift */,
				6BCF10F81BB31D4600066186 /* Hasami_Shogi.xcdatamodeld */,
			);
			path = Models;
			sourceTree = "<group>";
		};
		6BCF11251BB32FCA00066186 /* Resources */ = {
			isa = PBXGroup;
			children = (
			);
			path = Resources;
			sourceTree = "<group>";
		};
		6BCF11261BB32FD700066186 /* Supporting Files */ = {
			isa = PBXGroup;
			children = (
				6BCF10FB1BB31D4600066186 /* Assets.xcassets */,
				6BCF10F11BB31D4600066186 /* HSAppDelegate.swift */,
				6BCF11001BB31D4600066186 /* Info.plist */,
			);
			path = "Supporting Files";
			sourceTree = "<group>";
		};
		6BCF11271BB3303B00066186 /* Base.iproj */ = {
			isa = PBXGroup;
			children = (
				6BCF11281BB3305600066186 /* LaunchScreen.storyboard */,
				6BCF112A1BB3305600066186 /* Main.storyboard */,
			);
			name = Base.iproj;
			path = Base.lproj;
			sourceTree = "<group>";
		};
		6BD5BD4D1BB86470004ABEDB /* Game */ = {
			isa = PBXGroup;
			children = (
				6BF2EEED1BB45FB5008A6D5E /* HSGameViewController.swift */,
				6BA100BF1BC52F8B009A2F56 /* HSGameBoardViewController.swift */,
				6BFC12861BB7FCF400037012 /* HSRegisterUserViewController.swift */,
				6BFC12881BB800B700037012 /* HSPlayerSelectionContainerViewController.swift */,
				6BCF11301BB331E700066186 /* HSNewGameViewController.swift */,
			);
			path = Game;
			sourceTree = "<group>";
		};
		6BD5BD4E1BB86474004ABEDB /* Leaderboard */ = {
			isa = PBXGroup;
			children = (
				6BCF11321BB3324100066186 /* HSLeaderboardTableViewController.swift */,
			);
			path = Leaderboard;
			sourceTree = "<group>";
		};
		6BD5BD4F1BB8647A004ABEDB /* Settings */ = {
			isa = PBXGroup;
			children = (
				6BCF11341BB3341A00066186 /* HSSettingsTableViewController.swift */,
			);
			path = Settings;
			sourceTree = "<group>";
		};
/* End PBXGroup section */

/* Begin PBXNativeTarget section */
		6BCF10ED1BB31D4600066186 /* Hasami Shogi */ = {
			isa = PBXNativeTarget;
			buildConfigurationList = 6BCF11191BB31D4700066186 /* Build configuration list for PBXNativeTarget "Hasami Shogi" */;
			buildPhases = (
				6BCF10EA1BB31D4600066186 /* Sources */,
				6BCF10EB1BB31D4600066186 /* Frameworks */,
				6BCF10EC1BB31D4600066186 /* Resources */,
			);
			buildRules = (
			);
			dependencies = (
			);
			name = "Hasami Shogi";
			productName = "Hasami Shogi";
			productReference = 6BCF10EE1BB31D4600066186 /* Hasami Shogi.app */;
			productType = "com.apple.product-type.application";
		};
		6BCF11041BB31D4600066186 /* Hasami ShogiTests */ = {
			isa = PBXNativeTarget;
			buildConfigurationList = 6BCF111C1BB31D4700066186 /* Build configuration list for PBXNativeTarget "Hasami ShogiTests" */;
			buildPhases = (
				6BCF11011BB31D4600066186 /* Sources */,
				6BCF11021BB31D4600066186 /* Frameworks */,
				6BCF11031BB31D4600066186 /* Resources */,
			);
			buildRules = (
			);
			dependencies = (
				6BCF11071BB31D4600066186 /* PBXTargetDependency */,
			);
			name = "Hasami ShogiTests";
			productName = "Hasami ShogiTests";
			productReference = 6BCF11051BB31D4600066186 /* Hasami ShogiTests.xctest */;
			productType = "com.apple.product-type.bundle.unit-test";
		};
		6BCF110F1BB31D4700066186 /* Hasami ShogiUITests */ = {
			isa = PBXNativeTarget;
			buildConfigurationList = 6BCF111F1BB31D4700066186 /* Build configuration list for PBXNativeTarget "Hasami ShogiUITests" */;
			buildPhases = (
				6BCF110C1BB31D4700066186 /* Sources */,
				6BCF110D1BB31D4700066186 /* Frameworks */,
				6BCF110E1BB31D4700066186 /* Resources */,
			);
			buildRules = (
			);
			dependencies = (
				6BCF11121BB31D4700066186 /* PBXTargetDependency */,
			);
			name = "Hasami ShogiUITests";
			productName = "Hasami ShogiUITests";
			productReference = 6BCF11101BB31D4700066186 /* Hasami ShogiUITests.xctest */;
			productType = "com.apple.product-type.bundle.ui-testing";
		};
/* End PBXNativeTarget section */

/* Begin PBXProject section */
		6BCF10E61BB31D4600066186 /* Project object */ = {
			isa = PBXProject;
			attributes = {
				CLASSPREFIX = HS;
				LastSwiftUpdateCheck = 0700;
				LastUpgradeCheck = 0700;
				ORGANIZATIONNAME = OliverPoole;
				TargetAttributes = {
					6BCF10ED1BB31D4600066186 = {
						CreatedOnToolsVersion = 7.0;
					};
					6BCF11041BB31D4600066186 = {
						CreatedOnToolsVersion = 7.0;
						TestTargetID = 6BCF10ED1BB31D4600066186;
					};
					6BCF110F1BB31D4700066186 = {
						CreatedOnToolsVersion = 7.0;
						TestTargetID = 6BCF10ED1BB31D4600066186;
					};
				};
			};
			buildConfigurationList = 6BCF10E91BB31D4600066186 /* Build configuration list for PBXProject "Hasami Shogi" */;
			compatibilityVersion = "Xcode 3.2";
			developmentRegion = English;
			hasScannedForEncodings = 0;
			knownRegions = (
				en,
				Base,
			);
			mainGroup = 6BCF10E51BB31D4600066186;
			productRefGroup = 6BCF10EF1BB31D4600066186 /* Products */;
			projectDirPath = "";
			projectRoot = "";
			targets = (
				6BCF10ED1BB31D4600066186 /* Hasami Shogi */,
				6BCF11041BB31D4600066186 /* Hasami ShogiTests */,
				6BCF110F1BB31D4700066186 /* Hasami ShogiUITests */,
			);
		};
/* End PBXProject section */

/* Begin PBXResourcesBuildPhase section */
		6BCF10EC1BB31D4600066186 /* Resources */ = {
			isa = PBXResourcesBuildPhase;
			buildActionMask = 2147483647;
			files = (
				6BCF112D1BB3305600066186 /* Main.storyboard in Resources */,
				6BCF10FC1BB31D4600066186 /* Assets.xcassets in Resources */,
				6BCF112C1BB3305600066186 /* LaunchScreen.storyboard in Resources */,
			);
			runOnlyForDeploymentPostprocessing = 0;
		};
		6BCF11031BB31D4600066186 /* Resources */ = {
			isa = PBXResourcesBuildPhase;
			buildActionMask = 2147483647;
			files = (
			);
			runOnlyForDeploymentPostprocessing = 0;
		};
		6BCF110E1BB31D4700066186 /* Resources */ = {
			isa = PBXResourcesBuildPhase;
			buildActionMask = 2147483647;
			files = (
			);
			runOnlyForDeploymentPostprocessing = 0;
		};
/* End PBXResourcesBuildPhase section */

/* Begin PBXSourcesBuildPhase section */
		6BCF10EA1BB31D4600066186 /* Sources */ = {
			isa = PBXSourcesBuildPhase;
			buildActionMask = 2147483647;
			files = (
				6BCF11351BB3341A00066186 /* HSSettingsTableViewController.swift in Sources */,
				6B0009EF1BC405CB00CC1B65 /* HSSideBarDelegate.swift in Sources */,
				6B0034F01BB54D5100963FD6 /* HSCoreDataAccess.swift in Sources */,
				6BCF10F21BB31D4600066186 /* HSAppDelegate.swift in Sources */,
				6BCF112F1BB3310900066186 /* HSMenuViewController.swift in Sources */,
				6BCF11331BB3324100066186 /* HSLeaderboardTableViewController.swift in Sources */,
				6B80BF661BB466D50017DD79 /* HSGameConstants.swift in Sources */,
				6BF55D281BB6B08D0050497B /* HSDatabaseManager.swift in Sources */,
				6B0009ED1BC4009200CC1B65 /* HSContainerViewController.swift in Sources */,
				6BCF11311BB331E700066186 /* HSNewGameViewController.swift in Sources */,
				6B0034EE1BB54D3600963FD6 /* User+CoreDataProperties.swift in Sources */,
				6BA100C01BC52F8B009A2F56 /* HSGameBoardViewController.swift in Sources */,
				6BCF10FA1BB31D4600066186 /* Hasami_Shogi.xcdatamodeld in Sources */,
				6BFC12891BB800B700037012 /* HSPlayerSelectionContainerViewController.swift in Sources */,
				6BFC12871BB7FCF400037012 /* HSRegisterUserViewController.swift in Sources */,
				6BA100C21BC538B7009A2F56 /* HSGameBoardCollectionViewCell.swift in Sources */,
				6B0034ED1BB54D3600963FD6 /* User.swift in Sources */,
				6BF2EEEE1BB45FB5008A6D5E /* HSGameViewController.swift in Sources */,
			);
			runOnlyForDeploymentPostprocessing = 0;
		};
		6BCF11011BB31D4600066186 /* Sources */ = {
			isa = PBXSourcesBuildPhase;
			buildActionMask = 2147483647;
			files = (
				6BCF110A1BB31D4600066186 /* Hasami_ShogiTests.swift in Sources */,
				6B225CBF1BB5A9E100122C3A /* HSCoreDataAccessTests.swift in Sources */,
			);
			runOnlyForDeploymentPostprocessing = 0;
		};
		6BCF110C1BB31D4700066186 /* Sources */ = {
			isa = PBXSourcesBuildPhase;
			buildActionMask = 2147483647;
			files = (
				6BCF11151BB31D4700066186 /* Hasami_ShogiUITests.swift in Sources */,
			);
			runOnlyForDeploymentPostprocessing = 0;
		};
/* End PBXSourcesBuildPhase section */

/* Begin PBXTargetDependency section */
		6BCF11071BB31D4600066186 /* PBXTargetDependency */ = {
			isa = PBXTargetDependency;
			target = 6BCF10ED1BB31D4600066186 /* Hasami Shogi */;
			targetProxy = 6BCF11061BB31D4600066186 /* PBXContainerItemProxy */;
		};
		6BCF11121BB31D4700066186 /* PBXTargetDependency */ = {
			isa = PBXTargetDependency;
			target = 6BCF10ED1BB31D4600066186 /* Hasami Shogi */;
			targetProxy = 6BCF11111BB31D4700066186 /* PBXContainerItemProxy */;
		};
/* End PBXTargetDependency section */

/* Begin PBXVariantGroup section */
		6BCF11281BB3305600066186 /* LaunchScreen.storyboard */ = {
			isa = PBXVariantGroup;
			children = (
				6BCF11291BB3305600066186 /* Base */,
			);
			name = LaunchScreen.storyboard;
			sourceTree = "<group>";
		};
		6BCF112A1BB3305600066186 /* Main.storyboard */ = {
			isa = PBXVariantGroup;
			children = (
				6BCF112B1BB3305600066186 /* Base */,
			);
			name = Main.storyboard;
			sourceTree = "<group>";
		};
/* End PBXVariantGroup section */

/* Begin XCBuildConfiguration section */
		6BCF11171BB31D4700066186 /* Debug */ = {
			isa = XCBuildConfiguration;
			buildSettings = {
				ALWAYS_SEARCH_USER_PATHS = NO;
				CLANG_CXX_LANGUAGE_STANDARD = "gnu++0x";
				CLANG_CXX_LIBRARY = "libc++";
				CLANG_ENABLE_MODULES = YES;
				CLANG_ENABLE_OBJC_ARC = YES;
				CLANG_WARN_BOOL_CONVERSION = YES;
				CLANG_WARN_CONSTANT_CONVERSION = YES;
				CLANG_WARN_DIRECT_OBJC_ISA_USAGE = YES_ERROR;
				CLANG_WARN_EMPTY_BODY = YES;
				CLANG_WARN_ENUM_CONVERSION = YES;
				CLANG_WARN_INT_CONVERSION = YES;
				CLANG_WARN_OBJC_ROOT_CLASS = YES_ERROR;
				CLANG_WARN_UNREACHABLE_CODE = YES;
				CLANG_WARN__DUPLICATE_METHOD_MATCH = YES;
				"CODE_SIGN_IDENTITY[sdk=iphoneos*]" = "iPhone Developer";
				COPY_PHASE_STRIP = NO;
				DEBUG_INFORMATION_FORMAT = dwarf;
				ENABLE_STRICT_OBJC_MSGSEND = YES;
				ENABLE_TESTABILITY = YES;
				GCC_C_LANGUAGE_STANDARD = gnu99;
				GCC_DYNAMIC_NO_PIC = NO;
				GCC_NO_COMMON_BLOCKS = YES;
				GCC_OPTIMIZATION_LEVEL = 0;
				GCC_PREPROCESSOR_DEFINITIONS = (
					"DEBUG=1",
					"$(inherited)",
				);
				GCC_WARN_64_TO_32_BIT_CONVERSION = YES;
				GCC_WARN_ABOUT_RETURN_TYPE = YES_ERROR;
				GCC_WARN_UNDECLARED_SELECTOR = YES;
				GCC_WARN_UNINITIALIZED_AUTOS = YES_AGGRESSIVE;
				GCC_WARN_UNUSED_FUNCTION = YES;
				GCC_WARN_UNUSED_VARIABLE = YES;
				IPHONEOS_DEPLOYMENT_TARGET = 9.0;
				MTL_ENABLE_DEBUG_INFO = YES;
				ONLY_ACTIVE_ARCH = YES;
				SDKROOT = iphoneos;
				SWIFT_OPTIMIZATION_LEVEL = "-Onone";
			};
			name = Debug;
		};
		6BCF11181BB31D4700066186 /* Release */ = {
			isa = XCBuildConfiguration;
			buildSettings = {
				ALWAYS_SEARCH_USER_PATHS = NO;
				CLANG_CXX_LANGUAGE_STANDARD = "gnu++0x";
				CLANG_CXX_LIBRARY = "libc++";
				CLANG_ENABLE_MODULES = YES;
				CLANG_ENABLE_OBJC_ARC = YES;
				CLANG_WARN_BOOL_CONVERSION = YES;
				CLANG_WARN_CONSTANT_CONVERSION = YES;
				CLANG_WARN_DIRECT_OBJC_ISA_USAGE = YES_ERROR;
				CLANG_WARN_EMPTY_BODY = YES;
				CLANG_WARN_ENUM_CONVERSION = YES;
				CLANG_WARN_INT_CONVERSION = YES;
				CLANG_WARN_OBJC_ROOT_CLASS = YES_ERROR;
				CLANG_WARN_UNREACHABLE_CODE = YES;
				CLANG_WARN__DUPLICATE_METHOD_MATCH = YES;
				"CODE_SIGN_IDENTITY[sdk=iphoneos*]" = "iPhone Developer";
				COPY_PHASE_STRIP = NO;
				DEBUG_INFORMATION_FORMAT = "dwarf-with-dsym";
				ENABLE_NS_ASSERTIONS = NO;
				ENABLE_STRICT_OBJC_MSGSEND = YES;
				GCC_C_LANGUAGE_STANDARD = gnu99;
				GCC_NO_COMMON_BLOCKS = YES;
				GCC_WARN_64_TO_32_BIT_CONVERSION = YES;
				GCC_WARN_ABOUT_RETURN_TYPE = YES_ERROR;
				GCC_WARN_UNDECLARED_SELECTOR = YES;
				GCC_WARN_UNINITIALIZED_AUTOS = YES_AGGRESSIVE;
				GCC_WARN_UNUSED_FUNCTION = YES;
				GCC_WARN_UNUSED_VARIABLE = YES;
				IPHONEOS_DEPLOYMENT_TARGET = 9.0;
				MTL_ENABLE_DEBUG_INFO = NO;
				SDKROOT = iphoneos;
				VALIDATE_PRODUCT = YES;
			};
			name = Release;
		};
		6BCF111A1BB31D4700066186 /* Debug */ = {
			isa = XCBuildConfiguration;
			buildSettings = {
				ASSETCATALOG_COMPILER_APPICON_NAME = AppIcon;
				CLANG_ENABLE_MODULES = YES;
				INFOPLIST_FILE = "$(SRCROOT)/Hasami Shogi/Supporting Files/Info.plist";
				IPHONEOS_DEPLOYMENT_TARGET = 8.0;
				LD_RUNPATH_SEARCH_PATHS = "$(inherited) @executable_path/Frameworks";
				PRODUCT_BUNDLE_IDENTIFIER = "com.OliverPoole.Hasami-Shogi";
				PRODUCT_NAME = "$(TARGET_NAME)";
				SWIFT_OBJC_BRIDGING_HEADER = "";
				SWIFT_OPTIMIZATION_LEVEL = "-Onone";
				TARGETED_DEVICE_FAMILY = "1,2";
			};
			name = Debug;
		};
		6BCF111B1BB31D4700066186 /* Release */ = {
			isa = XCBuildConfiguration;
			buildSettings = {
				ASSETCATALOG_COMPILER_APPICON_NAME = AppIcon;
				CLANG_ENABLE_MODULES = YES;
				INFOPLIST_FILE = "$(SRCROOT)/Hasami Shogi/Supporting Files/Info.plist";
				IPHONEOS_DEPLOYMENT_TARGET = 8.0;
				LD_RUNPATH_SEARCH_PATHS = "$(inherited) @executable_path/Frameworks";
				PRODUCT_BUNDLE_IDENTIFIER = "com.OliverPoole.Hasami-Shogi";
				PRODUCT_NAME = "$(TARGET_NAME)";
				SWIFT_OBJC_BRIDGING_HEADER = "";
				TARGETED_DEVICE_FAMILY = "1,2";
			};
			name = Release;
		};
		6BCF111D1BB31D4700066186 /* Debug */ = {
			isa = XCBuildConfiguration;
			buildSettings = {
				BUNDLE_LOADER = "$(TEST_HOST)";
				INFOPLIST_FILE = "Hasami ShogiTests/Info.plist";
				LD_RUNPATH_SEARCH_PATHS = "$(inherited) @executable_path/Frameworks @loader_path/Frameworks";
				PRODUCT_BUNDLE_IDENTIFIER = "com.OliverPoole.Hasami-ShogiTests";
				PRODUCT_NAME = "$(TARGET_NAME)";
				TEST_HOST = "$(BUILT_PRODUCTS_DIR)/Hasami Shogi.app/Hasami Shogi";
			};
			name = Debug;
		};
		6BCF111E1BB31D4700066186 /* Release */ = {
			isa = XCBuildConfiguration;
			buildSettings = {
				BUNDLE_LOADER = "$(TEST_HOST)";
				INFOPLIST_FILE = "Hasami ShogiTests/Info.plist";
				LD_RUNPATH_SEARCH_PATHS = "$(inherited) @executable_path/Frameworks @loader_path/Frameworks";
				PRODUCT_BUNDLE_IDENTIFIER = "com.OliverPoole.Hasami-ShogiTests";
				PRODUCT_NAME = "$(TARGET_NAME)";
				TEST_HOST = "$(BUILT_PRODUCTS_DIR)/Hasami Shogi.app/Hasami Shogi";
			};
			name = Release;
		};
		6BCF11201BB31D4700066186 /* Debug */ = {
			isa = XCBuildConfiguration;
			buildSettings = {
				INFOPLIST_FILE = "Hasami ShogiUITests/Info.plist";
				LD_RUNPATH_SEARCH_PATHS = "$(inherited) @executable_path/Frameworks @loader_path/Frameworks";
				PRODUCT_BUNDLE_IDENTIFIER = "com.OliverPoole.Hasami-ShogiUITests";
				PRODUCT_NAME = "$(TARGET_NAME)";
				TEST_TARGET_NAME = "Hasami Shogi";
				USES_XCTRUNNER = YES;
			};
			name = Debug;
		};
		6BCF11211BB31D4700066186 /* Release */ = {
			isa = XCBuildConfiguration;
			buildSettings = {
				INFOPLIST_FILE = "Hasami ShogiUITests/Info.plist";
				LD_RUNPATH_SEARCH_PATHS = "$(inherited) @executable_path/Frameworks @loader_path/Frameworks";
				PRODUCT_BUNDLE_IDENTIFIER = "com.OliverPoole.Hasami-ShogiUITests";
				PRODUCT_NAME = "$(TARGET_NAME)";
				TEST_TARGET_NAME = "Hasami Shogi";
				USES_XCTRUNNER = YES;
			};
			name = Release;
		};
/* End XCBuildConfiguration section */

/* Begin XCConfigurationList section */
		6BCF10E91BB31D4600066186 /* Build configuration list for PBXProject "Hasami Shogi" */ = {
			isa = XCConfigurationList;
			buildConfigurations = (
				6BCF11171BB31D4700066186 /* Debug */,
				6BCF11181BB31D4700066186 /* Release */,
			);
			defaultConfigurationIsVisible = 0;
			defaultConfigurationName = Release;
		};
		6BCF11191BB31D4700066186 /* Build configuration list for PBXNativeTarget "Hasami Shogi" */ = {
			isa = XCConfigurationList;
			buildConfigurations = (
				6BCF111A1BB31D4700066186 /* Debug */,
				6BCF111B1BB31D4700066186 /* Release */,
			);
			defaultConfigurationIsVisible = 0;
			defaultConfigurationName = Release;
		};
		6BCF111C1BB31D4700066186 /* Build configuration list for PBXNativeTarget "Hasami ShogiTests" */ = {
			isa = XCConfigurationList;
			buildConfigurations = (
				6BCF111D1BB31D4700066186 /* Debug */,
				6BCF111E1BB31D4700066186 /* Release */,
			);
			defaultConfigurationIsVisible = 0;
			defaultConfigurationName = Release;
		};
		6BCF111F1BB31D4700066186 /* Build configuration list for PBXNativeTarget "Hasami ShogiUITests" */ = {
			isa = XCConfigurationList;
			buildConfigurations = (
				6BCF11201BB31D4700066186 /* Debug */,
				6BCF11211BB31D4700066186 /* Release */,
			);
			defaultConfigurationIsVisible = 0;
			defaultConfigurationName = Release;
		};
/* End XCConfigurationList section */

/* Begin XCVersionGroup section */
		6BCF10F81BB31D4600066186 /* Hasami_Shogi.xcdatamodeld */ = {
			isa = XCVersionGroup;
			children = (
				6BCF10F91BB31D4600066186 /* Hasami_Shogi.xcdatamodel */,
			);
			currentVersion = 6BCF10F91BB31D4600066186 /* Hasami_Shogi.xcdatamodel */;
			path = Hasami_Shogi.xcdatamodeld;
			sourceTree = "<group>";
			versionGroupType = wrapper.xcdatamodel;
		};
/* End XCVersionGroup section */
	};
	rootObject = 6BCF10E61BB31D4600066186 /* Project object */;
}
